
Microsoft Visual Studio Solution File, Format Version 12.00
# Visual Studio 15
VisualStudioVersion = 15.0.28307.1022
MinimumVisualStudioVersion = 10.0.40219.1
Project("{9A19103F-16F7-4668-BE54-9A1E7A4F7556}") = "WebAPI", "WebAPI\WebAPI.csproj", "{937C8CB9-519D-4501-A7E5-8D4D7558EB4C}"
EndProject
Project("{9A19103F-16F7-4668-BE54-9A1E7A4F7556}") = "Tests", "Tests\Tests.csproj", "{9B06036E-8B43-4EB6-B617-D7301B02458C}"
EndProject
Global
	GlobalSection(SolutionConfigurationPlatforms) = preSolution
		Debug|Any CPU = Debug|Any CPU
		Release|Any CPU = Release|Any CPU
	EndGlobalSection
	GlobalSection(ProjectConfigurationPlatforms) = postSolution
		{937C8CB9-519D-4501-A7E5-8D4D7558EB4C}.Debug|Any CPU.ActiveCfg = Debug|Any CPU
		{937C8CB9-519D-4501-A7E5-8D4D7558EB4C}.Debug|Any CPU.Build.0 = Debug|Any CPU
		{937C8CB9-519D-4501-A7E5-8D4D7558EB4C}.Release|Any CPU.ActiveCfg = Release|Any CPU
		{937C8CB9-519D-4501-A7E5-8D4D7558EB4C}.Release|Any CPU.Build.0 = Release|Any CPU
		{9B06036E-8B43-4EB6-B617-D7301B02458C}.Debug|Any CPU.ActiveCfg = Debug|Any CPU
		{9B06036E-8B43-4EB6-B617-D7301B02458C}.Debug|Any CPU.Build.0 = Debug|Any CPU
		{9B06036E-8B43-4EB6-B617-D7301B02458C}.Release|Any CPU.ActiveCfg = Release|Any CPU
		{9B06036E-8B43-4EB6-B617-D7301B02458C}.Release|Any CPU.Build.0 = Release|Any CPU
	EndGlobalSection
	GlobalSection(SolutionProperties) = preSolution
		HideSolutionNode = FALSE
	EndGlobalSection
	GlobalSection(ExtensibilityGlobals) = postSolution
		SolutionGuid = {6987593E-293D-4B06-A3C7-F6BC5D3E2368}
	EndGlobalSection
EndGlobal
